
Microsoft Visual Studio Solution File, Format Version 12.00
# Visual Studio 15
VisualStudioVersion = 15.0.26403.3
MinimumVisualStudioVersion = 10.0.40219.1
Project("{FAE04EC0-301F-11D3-BF4B-00C04F79EFBC}") = "ForthApp.Android", "ForthApp\ForthApp.Android\ForthApp.Android.csproj", "{1CA7348A-3BD3-4287-985B-1B03F1816AFD}"
EndProject
Project("{FAE04EC0-301F-11D3-BF4B-00C04F79EFBC}") = "ForthApp", "ForthApp\ForthApp\ForthApp.csproj", "{75EFBBBB-1D6E-4210-936E-19FA4454A00A}"
EndProject
Project("{FAE04EC0-301F-11D3-BF4B-00C04F79EFBC}") = "ForthApp.iOS", "ForthApp\ForthApp.iOS\ForthApp.iOS.csproj", "{7A91E5D2-7176-4757-88D5-A8A3185D37B9}"
EndProject
Global
	GlobalSection(SolutionConfigurationPlatforms) = preSolution
		Ad-Hoc|Any CPU = Ad-Hoc|Any CPU
		Ad-Hoc|iPhone = Ad-Hoc|iPhone
		Ad-Hoc|iPhoneSimulator = Ad-Hoc|iPhoneSimulator
		AppStore|Any CPU = AppStore|Any CPU
		AppStore|iPhone = AppStore|iPhone
		AppStore|iPhoneSimulator = AppStore|iPhoneSimulator
		Debug|Any CPU = Debug|Any CPU
		Debug|iPhone = Debug|iPhone
		Debug|iPhoneSimulator = Debug|iPhoneSimulator
		Release|Any CPU = Release|Any CPU
		Release|iPhone = Release|iPhone
		Release|iPhoneSimulator = Release|iPhoneSimulator
	EndGlobalSection
	GlobalSection(ProjectConfigurationPlatforms) = postSolution
		{1CA7348A-3BD3-4287-985B-1B03F1816AFD}.Ad-Hoc|Any CPU.ActiveCfg = Release|Any CPU
		{1CA7348A-3BD3-4287-985B-1B03F1816AFD}.Ad-Hoc|Any CPU.Build.0 = Release|Any CPU
		{1CA7348A-3BD3-4287-985B-1B03F1816AFD}.Ad-Hoc|Any CPU.Deploy.0 = Release|Any CPU
		{1CA7348A-3BD3-4287-985B-1B03F1816AFD}.Ad-Hoc|iPhone.ActiveCfg = Release|Any CPU
		{1CA7348A-3BD3-4287-985B-1B03F1816AFD}.Ad-Hoc|iPhone.Build.0 = Release|Any CPU
		{1CA7348A-3BD3-4287-985B-1B03F1816AFD}.Ad-Hoc|iPhone.Deploy.0 = Release|Any CPU
		{1CA7348A-3BD3-4287-985B-1B03F1816AFD}.Ad-Hoc|iPhoneSimulator.ActiveCfg = Release|Any CPU
		{1CA7348A-3BD3-4287-985B-1B03F1816AFD}.Ad-Hoc|iPhoneSimulator.Build.0 = Release|Any CPU
		{1CA7348A-3BD3-4287-985B-1B03F1816AFD}.Ad-Hoc|iPhoneSimulator.Deploy.0 = Release|Any CPU
		{1CA7348A-3BD3-4287-985B-1B03F1816AFD}.AppStore|Any CPU.ActiveCfg = Release|Any CPU
		{1CA7348A-3BD3-4287-985B-1B03F1816AFD}.AppStore|Any CPU.Build.0 = Release|Any CPU
		{1CA7348A-3BD3-4287-985B-1B03F1816AFD}.AppStore|Any CPU.Deploy.0 = Release|Any CPU
		{1CA7348A-3BD3-4287-985B-1B03F1816AFD}.AppStore|iPhone.ActiveCfg = Release|Any CPU
		{1CA7348A-3BD3-4287-985B-1B03F1816AFD}.AppStore|iPhone.Build.0 = Release|Any CPU
		{1CA7348A-3BD3-4287-985B-1B03F1816AFD}.AppStore|iPhone.Deploy.0 = Release|Any CPU
		{1CA7348A-3BD3-4287-985B-1B03F1816AFD}.AppStore|iPhoneSimulator.ActiveCfg = Release|Any CPU
		{1CA7348A-3BD3-4287-985B-1B03F1816AFD}.AppStore|iPhoneSimulator.Build.0 = Release|Any CPU
		{1CA7348A-3BD3-4287-985B-1B03F1816AFD}.AppStore|iPhoneSimulator.Deploy.0 = Release|Any CPU
		{1CA7348A-3BD3-4287-985B-1B03F1816AFD}.Debug|Any CPU.ActiveCfg = Debug|Any CPU
		{1CA7348A-3BD3-4287-985B-1B03F1816AFD}.Debug|Any CPU.Build.0 = Debug|Any CPU
		{1CA7348A-3BD3-4287-985B-1B03F1816AFD}.Debug|Any CPU.Deploy.0 = Debug|Any CPU
		{1CA7348A-3BD3-4287-985B-1B03F1816AFD}.Debug|iPhone.ActiveCfg = Debug|Any CPU
		{1CA7348A-3BD3-4287-985B-1B03F1816AFD}.Debug|iPhone.Build.0 = Debug|Any CPU
		{1CA7348A-3BD3-4287-985B-1B03F1816AFD}.Debug|iPhone.Deploy.0 = Debug|Any CPU
		{1CA7348A-3BD3-4287-985B-1B03F1816AFD}.Debug|iPhoneSimulator.ActiveCfg = Debug|Any CPU
		{1CA7348A-3BD3-4287-985B-1B03F1816AFD}.Debug|iPhoneSimulator.Build.0 = Debug|Any CPU
		{1CA7348A-3BD3-4287-985B-1B03F1816AFD}.Debug|iPhoneSimulator.Deploy.0 = Debug|Any CPU
		{1CA7348A-3BD3-4287-985B-1B03F1816AFD}.Release|Any CPU.ActiveCfg = Release|Any CPU
		{1CA7348A-3BD3-4287-985B-1B03F1816AFD}.Release|Any CPU.Build.0 = Release|Any CPU
		{1CA7348A-3BD3-4287-985B-1B03F1816AFD}.Release|Any CPU.Deploy.0 = Release|Any CPU
		{1CA7348A-3BD3-4287-985B-1B03F1816AFD}.Release|iPhone.ActiveCfg = Release|Any CPU
		{1CA7348A-3BD3-4287-985B-1B03F1816AFD}.Release|iPhone.Build.0 = Release|Any CPU
		{1CA7348A-3BD3-4287-985B-1B03F1816AFD}.Release|iPhone.Deploy.0 = Release|Any CPU
		{1CA7348A-3BD3-4287-985B-1B03F1816AFD}.Release|iPhoneSimulator.ActiveCfg = Release|Any CPU
		{1CA7348A-3BD3-4287-985B-1B03F1816AFD}.Release|iPhoneSimulator.Build.0 = Release|Any CPU
		{1CA7348A-3BD3-4287-985B-1B03F1816AFD}.Release|iPhoneSimulator.Deploy.0 = Release|Any CPU
		{75EFBBBB-1D6E-4210-936E-19FA4454A00A}.Ad-Hoc|Any CPU.ActiveCfg = Release|Any CPU
		{75EFBBBB-1D6E-4210-936E-19FA4454A00A}.Ad-Hoc|Any CPU.Build.0 = Release|Any CPU
		{75EFBBBB-1D6E-4210-936E-19FA4454A00A}.Ad-Hoc|iPhone.ActiveCfg = Release|Any CPU
		{75EFBBBB-1D6E-4210-936E-19FA4454A00A}.Ad-Hoc|iPhone.Build.0 = Release|Any CPU
		{75EFBBBB-1D6E-4210-936E-19FA4454A00A}.Ad-Hoc|iPhoneSimulator.ActiveCfg = Release|Any CPU
		{75EFBBBB-1D6E-4210-936E-19FA4454A00A}.Ad-Hoc|iPhoneSimulator.Build.0 = Release|Any CPU
		{75EFBBBB-1D6E-4210-936E-19FA4454A00A}.AppStore|Any CPU.ActiveCfg = Release|Any CPU
		{75EFBBBB-1D6E-4210-936E-19FA4454A00A}.AppStore|Any CPU.Build.0 = Release|Any CPU
		{75EFBBBB-1D6E-4210-936E-19FA4454A00A}.AppStore|iPhone.ActiveCfg = Release|Any CPU
		{75EFBBBB-1D6E-4210-936E-19FA4454A00A}.AppStore|iPhone.Build.0 = Release|Any CPU
		{75EFBBBB-1D6E-4210-936E-19FA4454A00A}.AppStore|iPhoneSimulator.ActiveCfg = Release|Any CPU
		{75EFBBBB-1D6E-4210-936E-19FA4454A00A}.AppStore|iPhoneSimulator.Build.0 = Release|Any CPU
		{75EFBBBB-1D6E-4210-936E-19FA4454A00A}.Debug|Any CPU.ActiveCfg = Debug|Any CPU
		{75EFBBBB-1D6E-4210-936E-19FA4454A00A}.Debug|Any CPU.Build.0 = Debug|Any CPU
		{75EFBBBB-1D6E-4210-936E-19FA4454A00A}.Debug|iPhone.ActiveCfg = Debug|Any CPU
		{75EFBBBB-1D6E-4210-936E-19FA4454A00A}.Debug|iPhone.Build.0 = Debug|Any CPU
		{75EFBBBB-1D6E-4210-936E-19FA4454A00A}.Debug|iPhoneSimulator.ActiveCfg = Debug|Any CPU
		{75EFBBBB-1D6E-4210-936E-19FA4454A00A}.Debug|iPhoneSimulator.Build.0 = Debug|Any CPU
		{75EFBBBB-1D6E-4210-936E-19FA4454A00A}.Release|Any CPU.ActiveCfg = Release|Any CPU
		{75EFBBBB-1D6E-4210-936E-19FA4454A00A}.Release|Any CPU.Build.0 = Release|Any CPU
		{75EFBBBB-1D6E-4210-936E-19FA4454A00A}.Release|iPhone.ActiveCfg = Release|Any CPU
		{75EFBBBB-1D6E-4210-936E-19FA4454A00A}.Release|iPhone.Build.0 = Release|Any CPU
		{75EFBBBB-1D6E-4210-936E-19FA4454A00A}.Release|iPhoneSimulator.ActiveCfg = Release|Any CPU
		{75EFBBBB-1D6E-4210-936E-19FA4454A00A}.Release|iPhoneSimulator.Build.0 = Release|Any CPU
		{7A91E5D2-7176-4757-88D5-A8A3185D37B9}.Ad-Hoc|Any CPU.ActiveCfg = Ad-Hoc|iPhone
		{7A91E5D2-7176-4757-88D5-A8A3185D37B9}.Ad-Hoc|iPhone.ActiveCfg = Ad-Hoc|iPhone
		{7A91E5D2-7176-4757-88D5-A8A3185D37B9}.Ad-Hoc|iPhone.Build.0 = Ad-Hoc|iPhone
		{7A91E5D2-7176-4757-88D5-A8A3185D37B9}.Ad-Hoc|iPhoneSimulator.ActiveCfg = Ad-Hoc|iPhoneSimulator
		{7A91E5D2-7176-4757-88D5-A8A3185D37B9}.Ad-Hoc|iPhoneSimulator.Build.0 = Ad-Hoc|iPhoneSimulator
		{7A91E5D2-7176-4757-88D5-A8A3185D37B9}.AppStore|Any CPU.ActiveCfg = AppStore|iPhone
		{7A91E5D2-7176-4757-88D5-A8A3185D37B9}.AppStore|iPhone.ActiveCfg = AppStore|iPhone
		{7A91E5D2-7176-4757-88D5-A8A3185D37B9}.AppStore|iPhone.Build.0 = AppStore|iPhone
		{7A91E5D2-7176-4757-88D5-A8A3185D37B9}.AppStore|iPhoneSimulator.ActiveCfg = AppStore|iPhoneSimulator
		{7A91E5D2-7176-4757-88D5-A8A3185D37B9}.AppStore|iPhoneSimulator.Build.0 = AppStore|iPhoneSimulator
		{7A91E5D2-7176-4757-88D5-A8A3185D37B9}.Debug|Any CPU.ActiveCfg = Debug|iPhone
		{7A91E5D2-7176-4757-88D5-A8A3185D37B9}.Debug|iPhone.ActiveCfg = Debug|iPhone
		{7A91E5D2-7176-4757-88D5-A8A3185D37B9}.Debug|iPhone.Build.0 = Debug|iPhone
		{7A91E5D2-7176-4757-88D5-A8A3185D37B9}.Debug|iPhoneSimulator.ActiveCfg = Debug|iPhoneSimulator
		{7A91E5D2-7176-4757-88D5-A8A3185D37B9}.Debug|iPhoneSimulator.Build.0 = Debug|iPhoneSimulator
		{7A91E5D2-7176-4757-88D5-A8A3185D37B9}.Release|Any CPU.ActiveCfg = Release|iPhone
		{7A91E5D2-7176-4757-88D5-A8A3185D37B9}.Release|iPhone.ActiveCfg = Release|iPhone
		{7A91E5D2-7176-4757-88D5-A8A3185D37B9}.Release|iPhone.Build.0 = Release|iPhone
		{7A91E5D2-7176-4757-88D5-A8A3185D37B9}.Release|iPhoneSimulator.ActiveCfg = Release|iPhoneSimulator
		{7A91E5D2-7176-4757-88D5-A8A3185D37B9}.Release|iPhoneSimulator.Build.0 = Release|iPhoneSimulator
	EndGlobalSection
	GlobalSection(SolutionProperties) = preSolution
		HideSolutionNode = FALSE
	EndGlobalSection
EndGlobal
